// !$*UTF8*$!
{
	archiveVersion = 1;
	classes = {
	};
	objectVersion = 50;
	objects = {

/* Begin PBXFileReference section */
		DF36337522B57B450018AED7 /* Audio */ = {isa = PBXFileReference; lastKnownFileType = folder; path = Audio; sourceTree = "<group>"; };
		DF36337622B57B450018AED7 /* hotpatch */ = {isa = PBXFileReference; lastKnownFileType = folder; path = hotpatch; sourceTree = "<group>"; };
		DF36337822B57B450018AED7 /* SSDT-i5_2140M.aml */ = {isa = PBXFileReference; lastKnownFileType = file; path = "SSDT-i5_2140M.aml"; sourceTree = "<group>"; };
		DF6BD0AF22C813FA00F9915F /* kexts */ = {isa = PBXFileReference; lastKnownFileType = folder; path = kexts; sourceTree = "<group>"; };
		DF6BD0B022C8140E00F9915F /* Themes */ = {isa = PBXFileReference; lastKnownFileType = folder; path = Themes; sourceTree = "<group>"; };
		DF6BD0B122C8141A00F9915F /* config.plist */ = {isa = PBXFileReference; lastKnownFileType = text.plist.xml; path = config.plist; sourceTree = "<group>"; };
		DF6FE36322C81734003D2831 /* SSDT-B570E.aml */ = {isa = PBXFileReference; lastKnownFileType = file; path = "SSDT-B570E.aml"; sourceTree = "<group>"; };
/* End PBXFileReference section */

/* Begin PBXGroup section */
		DF36336D22B57B040018AED7 = {
			isa = PBXGroup;
			children = (
				DF36337522B57B450018AED7 /* Audio */,
				DF36337622B57B450018AED7 /* hotpatch */,
				DF6BD0AF22C813FA00F9915F /* kexts */,
				DF6BD0B022C8140E00F9915F /* Themes */,
				DF36337822B57B450018AED7 /* SSDT-i5_2140M.aml */,
				DF6BD0B122C8141A00F9915F /* config.plist */,
				DF6FE36322C81734003D2831 /* SSDT-B570E.aml */,
			);
			sourceTree = "<group>";
		};
/* End PBXGroup section */

/* Begin PBXProject section */
		DF36336E22B57B040018AED7 /* Project object */ = {
			isa = PBXProject;
			attributes = {
				LastUpgradeCheck = 1020;
			};
			buildConfigurationList = DF36337122B57B040018AED7 /* Build configuration list for PBXProject "Lenovo-B570e" */;
			compatibilityVersion = "Xcode 9.3";
			developmentRegion = en;
			hasScannedForEncodings = 0;
			knownRegions = (
				en,
			);
			mainGroup = DF36336D22B57B040018AED7;
			projectDirPath = "";
			projectRoot = "";
			targets = (
			);
		};
/* End PBXProject section */

/* Begin XCBuildConfiguration section */
		DF36337222B57B040018AED7 /* Debug */ = {
			isa = XCBuildConfiguration;
			buildSettings = {
			};
			name = Debug;
		};
		DF36337322B57B040018AED7 /* Release */ = {
			isa = XCBuildConfiguration;
			buildSettings = {
			};
			name = Release;
		};
/* End XCBuildConfiguration section */

/* Begin XCConfigurationList section */
		DF36337122B57B040018AED7 /* Build configuration list for PBXProject "Lenovo-B570e" */ = {
			isa = XCConfigurationList;
			buildConfigurations = (
				DF36337222B57B040018AED7 /* Debug */,
				DF36337322B57B040018AED7 /* Release */,
			);
			defaultConfigurationIsVisible = 0;
			defaultConfigurationName = Release;
		};
/* End XCConfigurationList section */
	};
	rootObject = DF36336E22B57B040018AED7 /* Project object */;
}
